
Microsoft Visual Studio Solution File, Format Version 11.00
# Visual Studio 2010
Project("{FAE04EC0-301F-11D3-BF4B-00C04F79EFBC}") = "Assembly-CSharp", "Assembly-CSharp.csproj", "{bd840ba6-26c1-d1e3-e6d6-83157a7f3d6b}"
EndProject
Project("{FAE04EC0-301F-11D3-BF4B-00C04F79EFBC}") = "Unity.2D.Tilemap.Extras", "Unity.2D.Tilemap.Extras.csproj", "{a3878991-4275-f61f-f4b3-8777a4daee20}"
EndProject
Project("{FAE04EC0-301F-11D3-BF4B-00C04F79EFBC}") = "Unity.2D.Tilemap.Extras.Editor", "Unity.2D.Tilemap.Extras.Editor.csproj", "{49e9ebc5-a06e-9f4e-a40c-e9752b1b0cc4}"
EndProject
Project("{FAE04EC0-301F-11D3-BF4B-00C04F79EFBC}") = "Unity.2D.Tilemap.Extras.Placeholder.EditorTests", "Unity.2D.Tilemap.Extras.Placeholder.EditorTests.csproj", "{3b823d02-8b99-8fc4-f7b1-9c12ac908530}"
EndProject
Global
	GlobalSection(SolutionConfigurationPlatforms) = preSolution
		Debug|Any CPU = Debug|Any CPU
	EndGlobalSection
	GlobalSection(ProjectConfigurationPlatforms) = postSolution
		{bd840ba6-26c1-d1e3-e6d6-83157a7f3d6b}.Debug|Any CPU.ActiveCfg = Debug|Any CPU
		{bd840ba6-26c1-d1e3-e6d6-83157a7f3d6b}.Debug|Any CPU.Build.0 = Debug|Any CPU
		{a3878991-4275-f61f-f4b3-8777a4daee20}.Debug|Any CPU.ActiveCfg = Debug|Any CPU
		{a3878991-4275-f61f-f4b3-8777a4daee20}.Debug|Any CPU.Build.0 = Debug|Any CPU
		{49e9ebc5-a06e-9f4e-a40c-e9752b1b0cc4}.Debug|Any CPU.ActiveCfg = Debug|Any CPU
		{49e9ebc5-a06e-9f4e-a40c-e9752b1b0cc4}.Debug|Any CPU.Build.0 = Debug|Any CPU
		{3b823d02-8b99-8fc4-f7b1-9c12ac908530}.Debug|Any CPU.ActiveCfg = Debug|Any CPU
		{3b823d02-8b99-8fc4-f7b1-9c12ac908530}.Debug|Any CPU.Build.0 = Debug|Any CPU
	EndGlobalSection
	GlobalSection(SolutionProperties) = preSolution
		HideSolutionNode = FALSE
	EndGlobalSection
EndGlobal
